
Microsoft Visual Studio Solution File, Format Version 12.00
# Visual Studio Version 16
VisualStudioVersion = 16.0.31112.23
MinimumVisualStudioVersion = 10.0.40219.1
Project("{FAE04EC0-301F-11D3-BF4B-00C04F79EFBC}") = "CadenasEjercicio8", "CadenasEjercicio8\CadenasEjercicio8.csproj", "{70A12548-CF12-4D70-96AB-7455839F5377}"
EndProject
Global
	GlobalSection(SolutionConfigurationPlatforms) = preSolution
		Debug|Any CPU = Debug|Any CPU
		Release|Any CPU = Release|Any CPU
	EndGlobalSection
	GlobalSection(ProjectConfigurationPlatforms) = postSolution
		{70A12548-CF12-4D70-96AB-7455839F5377}.Debug|Any CPU.ActiveCfg = Debug|Any CPU
		{70A12548-CF12-4D70-96AB-7455839F5377}.Debug|Any CPU.Build.0 = Debug|Any CPU
		{70A12548-CF12-4D70-96AB-7455839F5377}.Release|Any CPU.ActiveCfg = Release|Any CPU
		{70A12548-CF12-4D70-96AB-7455839F5377}.Release|Any CPU.Build.0 = Release|Any CPU
	EndGlobalSection
	GlobalSection(SolutionProperties) = preSolution
		HideSolutionNode = FALSE
	EndGlobalSection
	GlobalSection(ExtensibilityGlobals) = postSolution
		SolutionGuid = {9E56F58D-E32A-40C8-B3D1-017C28D8CC7C}
	EndGlobalSection
EndGlobal
